{
    "version": 3,
    "terraform_version": "0.11.8",
    "serial": 4,
    "lineage": "35a9fcf6-c658-3697-9d74-480408535ce6",
    "modules": [
        {
            "path": [
                "root"
            ],
            "outputs": {},
            "resources": {
                "aws_s3_bucket.b": {
                    "type": "aws_s3_bucket",
                    "depends_on": [],
                    "primary": {
                        "id": "my-terraform-myaws",
                        "attributes": {
                            "acceleration_status": "",
                            "acl": "private",
                            "arn": "arn:aws:s3:::my-terraform-myaws",
                            "bucket": "my-terraform-myaws",
                            "bucket_domain_name": "my-terraform-myaws.s3.amazonaws.com",
                            "bucket_regional_domain_name": "my-terraform-myaws.s3.amazonaws.com",
                            "cors_rule.#": "0",
                            "force_destroy": "false",
                            "hosted_zone_id": "Z3AQBSTGFYJSTF",
                            "id": "my-terraform-myaws",
                            "lifecycle_rule.#": "0",
                            "logging.#": "0",
                            "region": "us-east-1",
                            "replication_configuration.#": "0",
                            "request_payer": "BucketOwner",
                            "server_side_encryption_configuration.#": "0",
                            "tags.%": "2",
                            "tags.Environment": "Dev",
                            "tags.Name": "Myterraformbucket",
                            "versioning.#": "1",
                            "versioning.0.enabled": "false",
                            "versioning.0.mfa_delete": "false",
                            "website.#": "0"
                        },
                        "meta": {},
                        "tainted": false
                    },
                    "deposed": [],
                    "provider": "provider.aws"
                },
                "aws_s3_bucket_object.b_object": {
                    "type": "aws_s3_bucket_object",
                    "depends_on": [
                        "aws_s3_bucket.b"
                    ],
                    "primary": {
                        "id": "terraform/terraform.tfstate",
                        "attributes": {
                            "acl": "private",
                            "bucket": "my-terraform-myaws",
                            "cache_control": "",
                            "content_disposition": "",
                            "content_encoding": "",
                            "content_language": "",
                            "content_type": "binary/octet-stream",
                            "etag": "d41d8cd98f00b204e9800998ecf8427e",
                            "id": "terraform/terraform.tfstate",
                            "key": "terraform/terraform.tfstate",
                            "server_side_encryption": "",
                            "source": "/dev/null",
                            "storage_class": "STANDARD",
                            "tags.%": "0",
                            "version_id": "",
                            "website_redirect": ""
                        },
                        "meta": {},
                        "tainted": false
                    },
                    "deposed": [],
                    "provider": "provider.aws"
                },
                "aws_vpc.main": {
                    "type": "aws_vpc",
                    "depends_on": [],
                    "primary": {
                        "id": "vpc-04ca185a8098e7fe4",
                        "attributes": {
                            "arn": "arn:aws:ec2:us-east-1:415014508385:vpc/vpc-04ca185a8098e7fe4",
                            "assign_generated_ipv6_cidr_block": "false",
                            "cidr_block": "10.0.0.0/16",
                            "default_network_acl_id": "acl-032ee9a52d3e2c936",
                            "default_route_table_id": "rtb-05b20ced6846f0f56",
                            "default_security_group_id": "sg-06295eabdd0ff3888",
                            "dhcp_options_id": "dopt-cf96eab4",
                            "enable_classiclink": "false",
                            "enable_classiclink_dns_support": "false",
                            "enable_dns_hostnames": "false",
                            "enable_dns_support": "true",
                            "id": "vpc-04ca185a8098e7fe4",
                            "instance_tenancy": "default",
                            "main_route_table_id": "rtb-05b20ced6846f0f56",
                            "tags.%": "0"
                        },
                        "meta": {
                            "schema_version": "1"
                        },
                        "tainted": false
                    },
                    "deposed": [],
                    "provider": "provider.aws"
                }
            },
            "depends_on": []
        }
    ]
}
